
Microsoft Visual Studio Solution File, Format Version 12.00
# Visual Studio 15
Project("{FAE04EC0-301F-11D3-BF4B-00C04F79EFBC}") = "UnityEngine.TestRunner", "UnityEngine.TestRunner.csproj", "{6CD0B176-7AA8-6A51-8594-F6B5805A1654}"
EndProject
Project("{FAE04EC0-301F-11D3-BF4B-00C04F79EFBC}") = "Unity.Mathematics", "Unity.Mathematics.csproj", "{A5406620-91D9-ABF5-553A-A7A395A8B78E}"
EndProject
Project("{FAE04EC0-301F-11D3-BF4B-00C04F79EFBC}") = "Unity.2D.Animation.Triangle.Runtime", "Unity.2D.Animation.Triangle.Runtime.csproj", "{BFFB1A2F-BFC0-1CCA-6A22-99A5E75EDFE1}"
EndProject
Project("{FAE04EC0-301F-11D3-BF4B-00C04F79EFBC}") = "Unity.Timeline", "Unity.Timeline.csproj", "{49AADB63-660F-AF34-EA7B-F7CE0D2525E8}"
EndProject
Project("{FAE04EC0-301F-11D3-BF4B-00C04F79EFBC}") = "UnityEngine.UI", "UnityEngine.UI.csproj", "{2FD64C09-4653-BBB8-EDD9-546C60E89E0A}"
EndProject
Project("{FAE04EC0-301F-11D3-BF4B-00C04F79EFBC}") = "Unity.TextMeshPro", "Unity.TextMeshPro.csproj", "{A29EC014-479E-B942-C1F1-86EF7409F0C0}"
EndProject
Project("{FAE04EC0-301F-11D3-BF4B-00C04F79EFBC}") = "Unity.2D.Animation.Runtime", "Unity.2D.Animation.Runtime.csproj", "{A1E15B08-9837-34EC-3CF2-E354D1B62AA1}"
EndProject
Project("{FAE04EC0-301F-11D3-BF4B-00C04F79EFBC}") = "Unity.2D.IK.Runtime", "Unity.2D.IK.Runtime.csproj", "{610445C9-2E02-8739-B4A3-904F4810C130}"
EndProject
Project("{FAE04EC0-301F-11D3-BF4B-00C04F79EFBC}") = "Assembly-CSharp", "Assembly-CSharp.csproj", "{6D31ABD5-34EA-DF77-7692-B8DE85325317}"
EndProject
Project("{FAE04EC0-301F-11D3-BF4B-00C04F79EFBC}") = "Unity.2D.SpriteShape.Runtime", "Unity.2D.SpriteShape.Runtime.csproj", "{2FB0A8BC-F0A7-51D8-EFB8-D2BF3B70B349}"
EndProject
Project("{FAE04EC0-301F-11D3-BF4B-00C04F79EFBC}") = "Unity.2D.PixelPerfect", "Unity.2D.PixelPerfect.csproj", "{39CAF5DD-12DA-6003-D3E8-9029B2B54FD2}"
EndProject
Project("{FAE04EC0-301F-11D3-BF4B-00C04F79EFBC}") = "Unity.2D.Common.Runtime", "Unity.2D.Common.Runtime.csproj", "{17703CE8-9D40-1915-6A46-641BDA72E487}"
EndProject
Project("{FAE04EC0-301F-11D3-BF4B-00C04F79EFBC}") = "Unity.InternalAPIEngineBridge.001", "Unity.InternalAPIEngineBridge.001.csproj", "{3DBB9C5E-034E-B2B4-2C59-FE7CB0D14668}"
EndProject
Project("{FAE04EC0-301F-11D3-BF4B-00C04F79EFBC}") = "UnityEditor.TestRunner", "UnityEditor.TestRunner.csproj", "{F38E1294-484B-4469-942D-17D877E56E59}"
EndProject
Project("{FAE04EC0-301F-11D3-BF4B-00C04F79EFBC}") = "Unity.PlasticSCM.Editor", "Unity.PlasticSCM.Editor.csproj", "{CF455D26-753C-153F-ECD5-BE4CF4F542D2}"
EndProject
Project("{FAE04EC0-301F-11D3-BF4B-00C04F79EFBC}") = "UnityEditor.UI", "UnityEditor.UI.csproj", "{4AB2127D-DEFC-6363-1685-595DFF162DBA}"
EndProject
Project("{FAE04EC0-301F-11D3-BF4B-00C04F79EFBC}") = "Unity.Timeline.Editor", "Unity.Timeline.Editor.csproj", "{AE2A210F-FDBB-29D0-65A0-4506F132BDF0}"
EndProject
Project("{FAE04EC0-301F-11D3-BF4B-00C04F79EFBC}") = "Unity.VisualStudio.Editor", "Unity.VisualStudio.Editor.csproj", "{4FFEB1B2-B668-D4A6-9244-882D3FDAD409}"
EndProject
Project("{FAE04EC0-301F-11D3-BF4B-00C04F79EFBC}") = "Unity.2D.Psdimporter.Editor", "Unity.2D.Psdimporter.Editor.csproj", "{3A1ADC4F-3012-23F3-B8D6-7F423A68C91F}"
EndProject
Project("{FAE04EC0-301F-11D3-BF4B-00C04F79EFBC}") = "Unity.2D.Animation.Editor", "Unity.2D.Animation.Editor.csproj", "{29F92153-E05E-1C41-3F8D-F0B73837505F}"
EndProject
Project("{FAE04EC0-301F-11D3-BF4B-00C04F79EFBC}") = "Unity.TextMeshPro.Editor", "Unity.TextMeshPro.Editor.csproj", "{B6C586D8-892F-064D-8205-27D45055AD0E}"
EndProject
Project("{FAE04EC0-301F-11D3-BF4B-00C04F79EFBC}") = "Unity.2D.SpriteShape.Editor", "Unity.2D.SpriteShape.Editor.csproj", "{A9734FEB-35AC-4F19-264C-1AB8A01A3DA1}"
EndProject
Project("{FAE04EC0-301F-11D3-BF4B-00C04F79EFBC}") = "Unity.CollabProxy.Editor", "Unity.CollabProxy.Editor.csproj", "{976BC7DB-669E-B6EC-CBC1-06CEAB910642}"
EndProject
Project("{FAE04EC0-301F-11D3-BF4B-00C04F79EFBC}") = "PsdPlugin", "PsdPlugin.csproj", "{854DB5EE-0E6F-1E59-3CFC-19EA12C0515E}"
EndProject
Project("{FAE04EC0-301F-11D3-BF4B-00C04F79EFBC}") = "Unity.2D.Path.Editor", "Unity.2D.Path.Editor.csproj", "{9EF919CC-43AF-0F4D-DA7E-C918B608F700}"
EndProject
Project("{FAE04EC0-301F-11D3-BF4B-00C04F79EFBC}") = "Unity.Rider.Editor", "Unity.Rider.Editor.csproj", "{38F4DB32-A526-7401-25F7-BA617F584BF0}"
EndProject
Project("{FAE04EC0-301F-11D3-BF4B-00C04F79EFBC}") = "Unity.2D.IK.Editor", "Unity.2D.IK.Editor.csproj", "{2B128180-1565-8CB2-3FDD-965A4E766454}"
EndProject
Project("{FAE04EC0-301F-11D3-BF4B-00C04F79EFBC}") = "Unity.2D.Sprite.Editor", "Unity.2D.Sprite.Editor.csproj", "{A1DB2662-F57D-1032-8C16-3E5ABF44E48E}"
EndProject
Project("{FAE04EC0-301F-11D3-BF4B-00C04F79EFBC}") = "Unity.2D.Tilemap.Editor", "Unity.2D.Tilemap.Editor.csproj", "{232A85CD-6EB3-6B43-6245-9EB1DDB258EC}"
EndProject
Project("{FAE04EC0-301F-11D3-BF4B-00C04F79EFBC}") = "Unity.2D.PixelPerfect.Editor", "Unity.2D.PixelPerfect.Editor.csproj", "{1B199FE6-ED8A-BB85-E670-5BDEC3757484}"
EndProject
Project("{FAE04EC0-301F-11D3-BF4B-00C04F79EFBC}") = "Unity.VSCode.Editor", "Unity.VSCode.Editor.csproj", "{220CA7AE-DD1B-4701-4EA8-4649FD5F925A}"
EndProject
Project("{FAE04EC0-301F-11D3-BF4B-00C04F79EFBC}") = "Unity.2D.Common.Editor", "Unity.2D.Common.Editor.csproj", "{96D2BC9F-338B-4D26-DE0C-C20C41321A57}"
EndProject
Project("{FAE04EC0-301F-11D3-BF4B-00C04F79EFBC}") = "Unity.Mathematics.Editor", "Unity.Mathematics.Editor.csproj", "{FE12CFC6-8B24-E147-3D1F-2B7DAAAADC0E}"
EndProject
Project("{FAE04EC0-301F-11D3-BF4B-00C04F79EFBC}") = "Unity.InternalAPIEditorBridge.001", "Unity.InternalAPIEditorBridge.001.csproj", "{E6A09DBB-B9D3-150C-D11A-E929AB858CB9}"
EndProject
Project("{FAE04EC0-301F-11D3-BF4B-00C04F79EFBC}") = "UnityEngine.TestRunner", "UnityEngine.TestRunner.Player.csproj", "{840DA8F0-D7B8-2156-D588-9CE7BDE48AE0}"
EndProject
Project("{FAE04EC0-301F-11D3-BF4B-00C04F79EFBC}") = "Unity.Mathematics", "Unity.Mathematics.Player.csproj", "{07A3CADA-1B80-4DD0-0DBA-A3A24E58EF76}"
EndProject
Project("{FAE04EC0-301F-11D3-BF4B-00C04F79EFBC}") = "Unity.2D.Animation.Triangle.Runtime", "Unity.2D.Animation.Triangle.Runtime.Player.csproj", "{E1654D5B-B269-B4F4-E5B0-F19853298534}"
EndProject
Project("{FAE04EC0-301F-11D3-BF4B-00C04F79EFBC}") = "Unity.Timeline", "Unity.Timeline.Player.csproj", "{FD8D9820-730E-0382-5907-74924C6F0C66}"
EndProject
Project("{FAE04EC0-301F-11D3-BF4B-00C04F79EFBC}") = "UnityEngine.UI", "UnityEngine.UI.Player.csproj", "{8A3051AB-CAA1-814D-B6D0-598589A970C7}"
EndProject
Project("{FAE04EC0-301F-11D3-BF4B-00C04F79EFBC}") = "Unity.TextMeshPro", "Unity.TextMeshPro.Player.csproj", "{78E6B297-7936-E790-4603-3C352B14EDB8}"
EndProject
Project("{FAE04EC0-301F-11D3-BF4B-00C04F79EFBC}") = "Unity.2D.Animation.Runtime", "Unity.2D.Animation.Runtime.Player.csproj", "{DBB016C1-0CB8-89A9-B5C6-AEFD0F88AB11}"
EndProject
Project("{FAE04EC0-301F-11D3-BF4B-00C04F79EFBC}") = "Unity.2D.IK.Runtime", "Unity.2D.IK.Runtime.Player.csproj", "{E8952A01-C538-5384-FFE0-190BD1BA88CA}"
EndProject
Project("{FAE04EC0-301F-11D3-BF4B-00C04F79EFBC}") = "Assembly-CSharp", "Assembly-CSharp.Player.csproj", "{844EF7C4-55B3-DA5B-B124-71AF79A38B54}"
EndProject
Project("{FAE04EC0-301F-11D3-BF4B-00C04F79EFBC}") = "Unity.2D.SpriteShape.Runtime", "Unity.2D.SpriteShape.Runtime.Player.csproj", "{EEB61FA0-E2FC-2448-9000-2980E662C7D9}"
EndProject
Project("{FAE04EC0-301F-11D3-BF4B-00C04F79EFBC}") = "Unity.2D.PixelPerfect", "Unity.2D.PixelPerfect.Player.csproj", "{B8F74777-EADC-CCD7-95B0-016D9D257649}"
EndProject
Project("{FAE04EC0-301F-11D3-BF4B-00C04F79EFBC}") = "Unity.2D.Common.Runtime", "Unity.2D.Common.Runtime.Player.csproj", "{B99E8C2C-4374-D2D4-9DBF-5599BB799619}"
EndProject
Project("{FAE04EC0-301F-11D3-BF4B-00C04F79EFBC}") = "Unity.InternalAPIEngineBridge.001", "Unity.InternalAPIEngineBridge.001.Player.csproj", "{552D37E1-1DB1-1ED6-D2EF-298BD7422047}"
EndProject
Global
	GlobalSection(SolutionConfigurationPlatforms) = preSolution
		Debug|Any CPU = Debug|Any CPU
		Release|Any CPU = Release|Any CPU
	EndGlobalSection
	GlobalSection(ProjectConfigurationPlatforms) = postSolution
		{6CD0B176-7AA8-6A51-8594-F6B5805A1654}.Debug|Any CPU.ActiveCfg = Debug|Any CPU
		{6CD0B176-7AA8-6A51-8594-F6B5805A1654}.Debug|Any CPU.Build.0 = Debug|Any CPU
		{6CD0B176-7AA8-6A51-8594-F6B5805A1654}.Release|Any CPU.ActiveCfg = Release|Any CPU
		{6CD0B176-7AA8-6A51-8594-F6B5805A1654}.Release|Any CPU.Build.0 = Release|Any CPU
		{A5406620-91D9-ABF5-553A-A7A395A8B78E}.Debug|Any CPU.ActiveCfg = Debug|Any CPU
		{A5406620-91D9-ABF5-553A-A7A395A8B78E}.Debug|Any CPU.Build.0 = Debug|Any CPU
		{A5406620-91D9-ABF5-553A-A7A395A8B78E}.Release|Any CPU.ActiveCfg = Release|Any CPU
		{A5406620-91D9-ABF5-553A-A7A395A8B78E}.Release|Any CPU.Build.0 = Release|Any CPU
		{BFFB1A2F-BFC0-1CCA-6A22-99A5E75EDFE1}.Debug|Any CPU.ActiveCfg = Debug|Any CPU
		{BFFB1A2F-BFC0-1CCA-6A22-99A5E75EDFE1}.Debug|Any CPU.Build.0 = Debug|Any CPU
		{BFFB1A2F-BFC0-1CCA-6A22-99A5E75EDFE1}.Release|Any CPU.ActiveCfg = Release|Any CPU
		{BFFB1A2F-BFC0-1CCA-6A22-99A5E75EDFE1}.Release|Any CPU.Build.0 = Release|Any CPU
		{49AADB63-660F-AF34-EA7B-F7CE0D2525E8}.Debug|Any CPU.ActiveCfg = Debug|Any CPU
		{49AADB63-660F-AF34-EA7B-F7CE0D2525E8}.Debug|Any CPU.Build.0 = Debug|Any CPU
		{49AADB63-660F-AF34-EA7B-F7CE0D2525E8}.Release|Any CPU.ActiveCfg = Release|Any CPU
		{49AADB63-660F-AF34-EA7B-F7CE0D2525E8}.Release|Any CPU.Build.0 = Release|Any CPU
		{2FD64C09-4653-BBB8-EDD9-546C60E89E0A}.Debug|Any CPU.ActiveCfg = Debug|Any CPU
		{2FD64C09-4653-BBB8-EDD9-546C60E89E0A}.Debug|Any CPU.Build.0 = Debug|Any CPU
		{2FD64C09-4653-BBB8-EDD9-546C60E89E0A}.Release|Any CPU.ActiveCfg = Release|Any CPU
		{2FD64C09-4653-BBB8-EDD9-546C60E89E0A}.Release|Any CPU.Build.0 = Release|Any CPU
		{A29EC014-479E-B942-C1F1-86EF7409F0C0}.Debug|Any CPU.ActiveCfg = Debug|Any CPU
		{A29EC014-479E-B942-C1F1-86EF7409F0C0}.Debug|Any CPU.Build.0 = Debug|Any CPU
		{A29EC014-479E-B942-C1F1-86EF7409F0C0}.Release|Any CPU.ActiveCfg = Release|Any CPU
		{A29EC014-479E-B942-C1F1-86EF7409F0C0}.Release|Any CPU.Build.0 = Release|Any CPU
		{A1E15B08-9837-34EC-3CF2-E354D1B62AA1}.Debug|Any CPU.ActiveCfg = Debug|Any CPU
		{A1E15B08-9837-34EC-3CF2-E354D1B62AA1}.Debug|Any CPU.Build.0 = Debug|Any CPU
		{A1E15B08-9837-34EC-3CF2-E354D1B62AA1}.Release|Any CPU.ActiveCfg = Release|Any CPU
		{A1E15B08-9837-34EC-3CF2-E354D1B62AA1}.Release|Any CPU.Build.0 = Release|Any CPU
		{610445C9-2E02-8739-B4A3-904F4810C130}.Debug|Any CPU.ActiveCfg = Debug|Any CPU
		{610445C9-2E02-8739-B4A3-904F4810C130}.Debug|Any CPU.Build.0 = Debug|Any CPU
		{610445C9-2E02-8739-B4A3-904F4810C130}.Release|Any CPU.ActiveCfg = Release|Any CPU
		{610445C9-2E02-8739-B4A3-904F4810C130}.Release|Any CPU.Build.0 = Release|Any CPU
		{6D31ABD5-34EA-DF77-7692-B8DE85325317}.Debug|Any CPU.ActiveCfg = Debug|Any CPU
		{6D31ABD5-34EA-DF77-7692-B8DE85325317}.Debug|Any CPU.Build.0 = Debug|Any CPU
		{6D31ABD5-34EA-DF77-7692-B8DE85325317}.Release|Any CPU.ActiveCfg = Release|Any CPU
		{6D31ABD5-34EA-DF77-7692-B8DE85325317}.Release|Any CPU.Build.0 = Release|Any CPU
		{2FB0A8BC-F0A7-51D8-EFB8-D2BF3B70B349}.Debug|Any CPU.ActiveCfg = Debug|Any CPU
		{2FB0A8BC-F0A7-51D8-EFB8-D2BF3B70B349}.Debug|Any CPU.Build.0 = Debug|Any CPU
		{2FB0A8BC-F0A7-51D8-EFB8-D2BF3B70B349}.Release|Any CPU.ActiveCfg = Release|Any CPU
		{2FB0A8BC-F0A7-51D8-EFB8-D2BF3B70B349}.Release|Any CPU.Build.0 = Release|Any CPU
		{39CAF5DD-12DA-6003-D3E8-9029B2B54FD2}.Debug|Any CPU.ActiveCfg = Debug|Any CPU
		{39CAF5DD-12DA-6003-D3E8-9029B2B54FD2}.Debug|Any CPU.Build.0 = Debug|Any CPU
		{39CAF5DD-12DA-6003-D3E8-9029B2B54FD2}.Release|Any CPU.ActiveCfg = Release|Any CPU
		{39CAF5DD-12DA-6003-D3E8-9029B2B54FD2}.Release|Any CPU.Build.0 = Release|Any CPU
		{17703CE8-9D40-1915-6A46-641BDA72E487}.Debug|Any CPU.ActiveCfg = Debug|Any CPU
		{17703CE8-9D40-1915-6A46-641BDA72E487}.Debug|Any CPU.Build.0 = Debug|Any CPU
		{17703CE8-9D40-1915-6A46-641BDA72E487}.Release|Any CPU.ActiveCfg = Release|Any CPU
		{17703CE8-9D40-1915-6A46-641BDA72E487}.Release|Any CPU.Build.0 = Release|Any CPU
		{3DBB9C5E-034E-B2B4-2C59-FE7CB0D14668}.Debug|Any CPU.ActiveCfg = Debug|Any CPU
		{3DBB9C5E-034E-B2B4-2C59-FE7CB0D14668}.Debug|Any CPU.Build.0 = Debug|Any CPU
		{3DBB9C5E-034E-B2B4-2C59-FE7CB0D14668}.Release|Any CPU.ActiveCfg = Release|Any CPU
		{3DBB9C5E-034E-B2B4-2C59-FE7CB0D14668}.Release|Any CPU.Build.0 = Release|Any CPU
		{F38E1294-484B-4469-942D-17D877E56E59}.Debug|Any CPU.ActiveCfg = Debug|Any CPU
		{F38E1294-484B-4469-942D-17D877E56E59}.Debug|Any CPU.Build.0 = Debug|Any CPU
		{F38E1294-484B-4469-942D-17D877E56E59}.Release|Any CPU.ActiveCfg = Release|Any CPU
		{F38E1294-484B-4469-942D-17D877E56E59}.Release|Any CPU.Build.0 = Release|Any CPU
		{CF455D26-753C-153F-ECD5-BE4CF4F542D2}.Debug|Any CPU.ActiveCfg = Debug|Any CPU
		{CF455D26-753C-153F-ECD5-BE4CF4F542D2}.Debug|Any CPU.Build.0 = Debug|Any CPU
		{CF455D26-753C-153F-ECD5-BE4CF4F542D2}.Release|Any CPU.ActiveCfg = Release|Any CPU
		{CF455D26-753C-153F-ECD5-BE4CF4F542D2}.Release|Any CPU.Build.0 = Release|Any CPU
		{4AB2127D-DEFC-6363-1685-595DFF162DBA}.Debug|Any CPU.ActiveCfg = Debug|Any CPU
		{4AB2127D-DEFC-6363-1685-595DFF162DBA}.Debug|Any CPU.Build.0 = Debug|Any CPU
		{4AB2127D-DEFC-6363-1685-595DFF162DBA}.Release|Any CPU.ActiveCfg = Release|Any CPU
		{4AB2127D-DEFC-6363-1685-595DFF162DBA}.Release|Any CPU.Build.0 = Release|Any CPU
		{AE2A210F-FDBB-29D0-65A0-4506F132BDF0}.Debug|Any CPU.ActiveCfg = Debug|Any CPU
		{AE2A210F-FDBB-29D0-65A0-4506F132BDF0}.Debug|Any CPU.Build.0 = Debug|Any CPU
		{AE2A210F-FDBB-29D0-65A0-4506F132BDF0}.Release|Any CPU.ActiveCfg = Release|Any CPU
		{AE2A210F-FDBB-29D0-65A0-4506F132BDF0}.Release|Any CPU.Build.0 = Release|Any CPU
		{4FFEB1B2-B668-D4A6-9244-882D3FDAD409}.Debug|Any CPU.ActiveCfg = Debug|Any CPU
		{4FFEB1B2-B668-D4A6-9244-882D3FDAD409}.Debug|Any CPU.Build.0 = Debug|Any CPU
		{4FFEB1B2-B668-D4A6-9244-882D3FDAD409}.Release|Any CPU.ActiveCfg = Release|Any CPU
		{4FFEB1B2-B668-D4A6-9244-882D3FDAD409}.Release|Any CPU.Build.0 = Release|Any CPU
		{3A1ADC4F-3012-23F3-B8D6-7F423A68C91F}.Debug|Any CPU.ActiveCfg = Debug|Any CPU
		{3A1ADC4F-3012-23F3-B8D6-7F423A68C91F}.Debug|Any CPU.Build.0 = Debug|Any CPU
		{3A1ADC4F-3012-23F3-B8D6-7F423A68C91F}.Release|Any CPU.ActiveCfg = Release|Any CPU
		{3A1ADC4F-3012-23F3-B8D6-7F423A68C91F}.Release|Any CPU.Build.0 = Release|Any CPU
		{29F92153-E05E-1C41-3F8D-F0B73837505F}.Debug|Any CPU.ActiveCfg = Debug|Any CPU
		{29F92153-E05E-1C41-3F8D-F0B73837505F}.Debug|Any CPU.Build.0 = Debug|Any CPU
		{29F92153-E05E-1C41-3F8D-F0B73837505F}.Release|Any CPU.ActiveCfg = Release|Any CPU
		{29F92153-E05E-1C41-3F8D-F0B73837505F}.Release|Any CPU.Build.0 = Release|Any CPU
		{B6C586D8-892F-064D-8205-27D45055AD0E}.Debug|Any CPU.ActiveCfg = Debug|Any CPU
		{B6C586D8-892F-064D-8205-27D45055AD0E}.Debug|Any CPU.Build.0 = Debug|Any CPU
		{B6C586D8-892F-064D-8205-27D45055AD0E}.Release|Any CPU.ActiveCfg = Release|Any CPU
		{B6C586D8-892F-064D-8205-27D45055AD0E}.Release|Any CPU.Build.0 = Release|Any CPU
		{A9734FEB-35AC-4F19-264C-1AB8A01A3DA1}.Debug|Any CPU.ActiveCfg = Debug|Any CPU
		{A9734FEB-35AC-4F19-264C-1AB8A01A3DA1}.Debug|Any CPU.Build.0 = Debug|Any CPU
		{A9734FEB-35AC-4F19-264C-1AB8A01A3DA1}.Release|Any CPU.ActiveCfg = Release|Any CPU
		{A9734FEB-35AC-4F19-264C-1AB8A01A3DA1}.Release|Any CPU.Build.0 = Release|Any CPU
		{976BC7DB-669E-B6EC-CBC1-06CEAB910642}.Debug|Any CPU.ActiveCfg = Debug|Any CPU
		{976BC7DB-669E-B6EC-CBC1-06CEAB910642}.Debug|Any CPU.Build.0 = Debug|Any CPU
		{976BC7DB-669E-B6EC-CBC1-06CEAB910642}.Release|Any CPU.ActiveCfg = Release|Any CPU
		{976BC7DB-669E-B6EC-CBC1-06CEAB910642}.Release|Any CPU.Build.0 = Release|Any CPU
		{854DB5EE-0E6F-1E59-3CFC-19EA12C0515E}.Debug|Any CPU.ActiveCfg = Debug|Any CPU
		{854DB5EE-0E6F-1E59-3CFC-19EA12C0515E}.Debug|Any CPU.Build.0 = Debug|Any CPU
		{854DB5EE-0E6F-1E59-3CFC-19EA12C0515E}.Release|Any CPU.ActiveCfg = Release|Any CPU
		{854DB5EE-0E6F-1E59-3CFC-19EA12C0515E}.Release|Any CPU.Build.0 = Release|Any CPU
		{9EF919CC-43AF-0F4D-DA7E-C918B608F700}.Debug|Any CPU.ActiveCfg = Debug|Any CPU
		{9EF919CC-43AF-0F4D-DA7E-C918B608F700}.Debug|Any CPU.Build.0 = Debug|Any CPU
		{9EF919CC-43AF-0F4D-DA7E-C918B608F700}.Release|Any CPU.ActiveCfg = Release|Any CPU
		{9EF919CC-43AF-0F4D-DA7E-C918B608F700}.Release|Any CPU.Build.0 = Release|Any CPU
		{38F4DB32-A526-7401-25F7-BA617F584BF0}.Debug|Any CPU.ActiveCfg = Debug|Any CPU
		{38F4DB32-A526-7401-25F7-BA617F584BF0}.Debug|Any CPU.Build.0 = Debug|Any CPU
		{38F4DB32-A526-7401-25F7-BA617F584BF0}.Release|Any CPU.ActiveCfg = Release|Any CPU
		{38F4DB32-A526-7401-25F7-BA617F584BF0}.Release|Any CPU.Build.0 = Release|Any CPU
		{2B128180-1565-8CB2-3FDD-965A4E766454}.Debug|Any CPU.ActiveCfg = Debug|Any CPU
		{2B128180-1565-8CB2-3FDD-965A4E766454}.Debug|Any CPU.Build.0 = Debug|Any CPU
		{2B128180-1565-8CB2-3FDD-965A4E766454}.Release|Any CPU.ActiveCfg = Release|Any CPU
		{2B128180-1565-8CB2-3FDD-965A4E766454}.Release|Any CPU.Build.0 = Release|Any CPU
		{A1DB2662-F57D-1032-8C16-3E5ABF44E48E}.Debug|Any CPU.ActiveCfg = Debug|Any CPU
		{A1DB2662-F57D-1032-8C16-3E5ABF44E48E}.Debug|Any CPU.Build.0 = Debug|Any CPU
		{A1DB2662-F57D-1032-8C16-3E5ABF44E48E}.Release|Any CPU.ActiveCfg = Release|Any CPU
		{A1DB2662-F57D-1032-8C16-3E5ABF44E48E}.Release|Any CPU.Build.0 = Release|Any CPU
		{232A85CD-6EB3-6B43-6245-9EB1DDB258EC}.Debug|Any CPU.ActiveCfg = Debug|Any CPU
		{232A85CD-6EB3-6B43-6245-9EB1DDB258EC}.Debug|Any CPU.Build.0 = Debug|Any CPU
		{232A85CD-6EB3-6B43-6245-9EB1DDB258EC}.Release|Any CPU.ActiveCfg = Release|Any CPU
		{232A85CD-6EB3-6B43-6245-9EB1DDB258EC}.Release|Any CPU.Build.0 = Release|Any CPU
		{1B199FE6-ED8A-BB85-E670-5BDEC3757484}.Debug|Any CPU.ActiveCfg = Debug|Any CPU
		{1B199FE6-ED8A-BB85-E670-5BDEC3757484}.Debug|Any CPU.Build.0 = Debug|Any CPU
		{1B199FE6-ED8A-BB85-E670-5BDEC3757484}.Release|Any CPU.ActiveCfg = Release|Any CPU
		{1B199FE6-ED8A-BB85-E670-5BDEC3757484}.Release|Any CPU.Build.0 = Release|Any CPU
		{220CA7AE-DD1B-4701-4EA8-4649FD5F925A}.Debug|Any CPU.ActiveCfg = Debug|Any CPU
		{220CA7AE-DD1B-4701-4EA8-4649FD5F925A}.Debug|Any CPU.Build.0 = Debug|Any CPU
		{220CA7AE-DD1B-4701-4EA8-4649FD5F925A}.Release|Any CPU.ActiveCfg = Release|Any CPU
		{220CA7AE-DD1B-4701-4EA8-4649FD5F925A}.Release|Any CPU.Build.0 = Release|Any CPU
		{96D2BC9F-338B-4D26-DE0C-C20C41321A57}.Debug|Any CPU.ActiveCfg = Debug|Any CPU
		{96D2BC9F-338B-4D26-DE0C-C20C41321A57}.Debug|Any CPU.Build.0 = Debug|Any CPU
		{96D2BC9F-338B-4D26-DE0C-C20C41321A57}.Release|Any CPU.ActiveCfg = Release|Any CPU
		{96D2BC9F-338B-4D26-DE0C-C20C41321A57}.Release|Any CPU.Build.0 = Release|Any CPU
		{FE12CFC6-8B24-E147-3D1F-2B7DAAAADC0E}.Debug|Any CPU.ActiveCfg = Debug|Any CPU
		{FE12CFC6-8B24-E147-3D1F-2B7DAAAADC0E}.Debug|Any CPU.Build.0 = Debug|Any CPU
		{FE12CFC6-8B24-E147-3D1F-2B7DAAAADC0E}.Release|Any CPU.ActiveCfg = Release|Any CPU
		{FE12CFC6-8B24-E147-3D1F-2B7DAAAADC0E}.Release|Any CPU.Build.0 = Release|Any CPU
		{E6A09DBB-B9D3-150C-D11A-E929AB858CB9}.Debug|Any CPU.ActiveCfg = Debug|Any CPU
		{E6A09DBB-B9D3-150C-D11A-E929AB858CB9}.Debug|Any CPU.Build.0 = Debug|Any CPU
		{E6A09DBB-B9D3-150C-D11A-E929AB858CB9}.Release|Any CPU.ActiveCfg = Release|Any CPU
		{E6A09DBB-B9D3-150C-D11A-E929AB858CB9}.Release|Any CPU.Build.0 = Release|Any CPU
		{840DA8F0-D7B8-2156-D588-9CE7BDE48AE0}.Debug|Any CPU.ActiveCfg = Debug|Any CPU
		{840DA8F0-D7B8-2156-D588-9CE7BDE48AE0}.Debug|Any CPU.Build.0 = Debug|Any CPU
		{840DA8F0-D7B8-2156-D588-9CE7BDE48AE0}.Release|Any CPU.ActiveCfg = Release|Any CPU
		{840DA8F0-D7B8-2156-D588-9CE7BDE48AE0}.Release|Any CPU.Build.0 = Release|Any CPU
		{07A3CADA-1B80-4DD0-0DBA-A3A24E58EF76}.Debug|Any CPU.ActiveCfg = Debug|Any CPU
		{07A3CADA-1B80-4DD0-0DBA-A3A24E58EF76}.Debug|Any CPU.Build.0 = Debug|Any CPU
		{07A3CADA-1B80-4DD0-0DBA-A3A24E58EF76}.Release|Any CPU.ActiveCfg = Release|Any CPU
		{07A3CADA-1B80-4DD0-0DBA-A3A24E58EF76}.Release|Any CPU.Build.0 = Release|Any CPU
		{E1654D5B-B269-B4F4-E5B0-F19853298534}.Debug|Any CPU.ActiveCfg = Debug|Any CPU
		{E1654D5B-B269-B4F4-E5B0-F19853298534}.Debug|Any CPU.Build.0 = Debug|Any CPU
		{E1654D5B-B269-B4F4-E5B0-F19853298534}.Release|Any CPU.ActiveCfg = Release|Any CPU
		{E1654D5B-B269-B4F4-E5B0-F19853298534}.Release|Any CPU.Build.0 = Release|Any CPU
		{FD8D9820-730E-0382-5907-74924C6F0C66}.Debug|Any CPU.ActiveCfg = Debug|Any CPU
		{FD8D9820-730E-0382-5907-74924C6F0C66}.Debug|Any CPU.Build.0 = Debug|Any CPU
		{FD8D9820-730E-0382-5907-74924C6F0C66}.Release|Any CPU.ActiveCfg = Release|Any CPU
		{FD8D9820-730E-0382-5907-74924C6F0C66}.Release|Any CPU.Build.0 = Release|Any CPU
		{8A3051AB-CAA1-814D-B6D0-598589A970C7}.Debug|Any CPU.ActiveCfg = Debug|Any CPU
		{8A3051AB-CAA1-814D-B6D0-598589A970C7}.Debug|Any CPU.Build.0 = Debug|Any CPU
		{8A3051AB-CAA1-814D-B6D0-598589A970C7}.Release|Any CPU.ActiveCfg = Release|Any CPU
		{8A3051AB-CAA1-814D-B6D0-598589A970C7}.Release|Any CPU.Build.0 = Release|Any CPU
		{78E6B297-7936-E790-4603-3C352B14EDB8}.Debug|Any CPU.ActiveCfg = Debug|Any CPU
		{78E6B297-7936-E790-4603-3C352B14EDB8}.Debug|Any CPU.Build.0 = Debug|Any CPU
		{78E6B297-7936-E790-4603-3C352B14EDB8}.Release|Any CPU.ActiveCfg = Release|Any CPU
		{78E6B297-7936-E790-4603-3C352B14EDB8}.Release|Any CPU.Build.0 = Release|Any CPU
		{DBB016C1-0CB8-89A9-B5C6-AEFD0F88AB11}.Debug|Any CPU.ActiveCfg = Debug|Any CPU
		{DBB016C1-0CB8-89A9-B5C6-AEFD0F88AB11}.Debug|Any CPU.Build.0 = Debug|Any CPU
		{DBB016C1-0CB8-89A9-B5C6-AEFD0F88AB11}.Release|Any CPU.ActiveCfg = Release|Any CPU
		{DBB016C1-0CB8-89A9-B5C6-AEFD0F88AB11}.Release|Any CPU.Build.0 = Release|Any CPU
		{E8952A01-C538-5384-FFE0-190BD1BA88CA}.Debug|Any CPU.ActiveCfg = Debug|Any CPU
		{E8952A01-C538-5384-FFE0-190BD1BA88CA}.Debug|Any CPU.Build.0 = Debug|Any CPU
		{E8952A01-C538-5384-FFE0-190BD1BA88CA}.Release|Any CPU.ActiveCfg = Release|Any CPU
		{E8952A01-C538-5384-FFE0-190BD1BA88CA}.Release|Any CPU.Build.0 = Release|Any CPU
		{844EF7C4-55B3-DA5B-B124-71AF79A38B54}.Debug|Any CPU.ActiveCfg = Debug|Any CPU
		{844EF7C4-55B3-DA5B-B124-71AF79A38B54}.Debug|Any CPU.Build.0 = Debug|Any CPU
		{844EF7C4-55B3-DA5B-B124-71AF79A38B54}.Release|Any CPU.ActiveCfg = Release|Any CPU
		{844EF7C4-55B3-DA5B-B124-71AF79A38B54}.Release|Any CPU.Build.0 = Release|Any CPU
		{EEB61FA0-E2FC-2448-9000-2980E662C7D9}.Debug|Any CPU.ActiveCfg = Debug|Any CPU
		{EEB61FA0-E2FC-2448-9000-2980E662C7D9}.Debug|Any CPU.Build.0 = Debug|Any CPU
		{EEB61FA0-E2FC-2448-9000-2980E662C7D9}.Release|Any CPU.ActiveCfg = Release|Any CPU
		{EEB61FA0-E2FC-2448-9000-2980E662C7D9}.Release|Any CPU.Build.0 = Release|Any CPU
		{B8F74777-EADC-CCD7-95B0-016D9D257649}.Debug|Any CPU.ActiveCfg = Debug|Any CPU
		{B8F74777-EADC-CCD7-95B0-016D9D257649}.Debug|Any CPU.Build.0 = Debug|Any CPU
		{B8F74777-EADC-CCD7-95B0-016D9D257649}.Release|Any CPU.ActiveCfg = Release|Any CPU
		{B8F74777-EADC-CCD7-95B0-016D9D257649}.Release|Any CPU.Build.0 = Release|Any CPU
		{B99E8C2C-4374-D2D4-9DBF-5599BB799619}.Debug|Any CPU.ActiveCfg = Debug|Any CPU
		{B99E8C2C-4374-D2D4-9DBF-5599BB799619}.Debug|Any CPU.Build.0 = Debug|Any CPU
		{B99E8C2C-4374-D2D4-9DBF-5599BB799619}.Release|Any CPU.ActiveCfg = Release|Any CPU
		{B99E8C2C-4374-D2D4-9DBF-5599BB799619}.Release|Any CPU.Build.0 = Release|Any CPU
		{552D37E1-1DB1-1ED6-D2EF-298BD7422047}.Debug|Any CPU.ActiveCfg = Debug|Any CPU
		{552D37E1-1DB1-1ED6-D2EF-298BD7422047}.Debug|Any CPU.Build.0 = Debug|Any CPU
		{552D37E1-1DB1-1ED6-D2EF-298BD7422047}.Release|Any CPU.ActiveCfg = Release|Any CPU
		{552D37E1-1DB1-1ED6-D2EF-298BD7422047}.Release|Any CPU.Build.0 = Release|Any CPU
	EndGlobalSection
	GlobalSection(SolutionProperties) = preSolution
		HideSolutionNode = FALSE
	EndGlobalSection
EndGlobal
